
Microsoft Visual Studio Solution File, Format Version 12.00
# Visual Studio Version 17
VisualStudioVersion = 17.11.35222.181
MinimumVisualStudioVersion = 10.0.40219.1
Project("{8BC9CEB8-8B4A-11D0-8D11-00A0C91BC942}") = "平均值", "平均值.vcxproj", "{F500BB4F-5BE3-4F0B-989F-6B1E29580CBE}"
EndProject
Global
	GlobalSection(SolutionConfigurationPlatforms) = preSolution
		Debug|x64 = Debug|x64
		Debug|x86 = Debug|x86
		Release|x64 = Release|x64
		Release|x86 = Release|x86
	EndGlobalSection
	GlobalSection(ProjectConfigurationPlatforms) = postSolution
		{F500BB4F-5BE3-4F0B-989F-6B1E29580CBE}.Debug|x64.ActiveCfg = Debug|x64
		{F500BB4F-5BE3-4F0B-989F-6B1E29580CBE}.Debug|x64.Build.0 = Debug|x64
		{F500BB4F-5BE3-4F0B-989F-6B1E29580CBE}.Debug|x86.ActiveCfg = Debug|Win32
		{F500BB4F-5BE3-4F0B-989F-6B1E29580CBE}.Debug|x86.Build.0 = Debug|Win32
		{F500BB4F-5BE3-4F0B-989F-6B1E29580CBE}.Release|x64.ActiveCfg = Release|x64
		{F500BB4F-5BE3-4F0B-989F-6B1E29580CBE}.Release|x64.Build.0 = Release|x64
		{F500BB4F-5BE3-4F0B-989F-6B1E29580CBE}.Release|x86.ActiveCfg = Release|Win32
		{F500BB4F-5BE3-4F0B-989F-6B1E29580CBE}.Release|x86.Build.0 = Release|Win32
	EndGlobalSection
	GlobalSection(SolutionProperties) = preSolution
		HideSolutionNode = FALSE
	EndGlobalSection
	GlobalSection(ExtensibilityGlobals) = postSolution
		SolutionGuid = {FFA62AB3-A732-4503-B087-5BA8D4DA9177}
	EndGlobalSection
EndGlobal
